
Microsoft Visual Studio Solution File, Format Version 12.00
# Visual Studio 2013
VisualStudioVersion = 12.0.30723.0
MinimumVisualStudioVersion = 10.0.40219.1
Project("{FAE04EC0-301F-11D3-BF4B-00C04F79EFBC}") = "HRIS", "HRIS\HRIS.csproj", "{203AFEEB-B0E8-4DC9-B8F7-60A2C3CE207F}"
EndProject
Project("{2150E333-8FDC-42A3-9474-1A3956D46DE8}") = "Solution Items", "Solution Items", "{0CA81CF8-CD2C-490F-8089-E62CB8CDD1A4}"
EndProject
Global
	GlobalSection(SolutionConfigurationPlatforms) = preSolution
		Debug|Any CPU = Debug|Any CPU
		Release|Any CPU = Release|Any CPU
	EndGlobalSection
	GlobalSection(ProjectConfigurationPlatforms) = postSolution
		{203AFEEB-B0E8-4DC9-B8F7-60A2C3CE207F}.Debug|Any CPU.ActiveCfg = Debug|Any CPU
		{203AFEEB-B0E8-4DC9-B8F7-60A2C3CE207F}.Debug|Any CPU.Build.0 = Debug|Any CPU
		{203AFEEB-B0E8-4DC9-B8F7-60A2C3CE207F}.Release|Any CPU.ActiveCfg = Release|Any CPU
		{203AFEEB-B0E8-4DC9-B8F7-60A2C3CE207F}.Release|Any CPU.Build.0 = Release|Any CPU
	EndGlobalSection
	GlobalSection(SolutionProperties) = preSolution
		HideSolutionNode = FALSE
	EndGlobalSection
EndGlobal
